// !$*UTF8*$!
{
	archiveVersion = 1;
	classes = {
	};
	objectVersion = 46;
	objects = {

/* Begin PBXBuildFile section */
		22222CB814F7E97F00210FBD /* KSHTMLWriterNormalSnippetTests.m in Sources */ = {isa = PBXBuildFile; fileRef = 22222CB514F7E97F00210FBD /* KSHTMLWriterNormalSnippetTests.m */; };
		22222CB914F7E97F00210FBD /* KSHTMLWriterPrettyPrintSnippetTests.m in Sources */ = {isa = PBXBuildFile; fileRef = 22222CB614F7E97F00210FBD /* KSHTMLWriterPrettyPrintSnippetTests.m */; };
		223269E814FA8125003055A2 /* ECParameterisedTestCase.m in Sources */ = {isa = PBXBuildFile; fileRef = 223269E714FA8125003055A2 /* ECParameterisedTestCase.m */; };
		22352B9414C6FCB00031F5DD /* Cocoa.framework in Frameworks */ = {isa = PBXBuildFile; fileRef = 22352B9314C6FCB00031F5DD /* Cocoa.framework */; };
		22352BA714C6FCB00031F5DD /* Cocoa.framework in Frameworks */ = {isa = PBXBuildFile; fileRef = 22352B9314C6FCB00031F5DD /* Cocoa.framework */; };
		22352BD114C6FD260031F5DD /* KSCSSWriter.h in Headers */ = {isa = PBXBuildFile; fileRef = 22352BC014C6FD260031F5DD /* KSCSSWriter.h */; };
		22352BD214C6FD260031F5DD /* KSCSSWriter.m in Sources */ = {isa = PBXBuildFile; fileRef = 22352BC114C6FD260031F5DD /* KSCSSWriter.m */; };
		22352BD314C6FD260031F5DD /* KSXMLWriterDOMAdaptor.h in Headers */ = {isa = PBXBuildFile; fileRef = 22352BC314C6FD260031F5DD /* KSXMLWriterDOMAdaptor.h */; };
		22352BD414C6FD260031F5DD /* KSXMLWriterDOMAdaptor.m in Sources */ = {isa = PBXBuildFile; fileRef = 22352BC414C6FD260031F5DD /* KSXMLWriterDOMAdaptor.m */; };
		22352BD614C6FD260031F5DD /* KSHTMLWriter.h in Headers */ = {isa = PBXBuildFile; fileRef = 22352BC714C6FD260031F5DD /* KSHTMLWriter.h */; };
		22352BD714C6FD260031F5DD /* KSHTMLWriter.m in Sources */ = {isa = PBXBuildFile; fileRef = 22352BC814C6FD260031F5DD /* KSHTMLWriter.m */; };
		22352BD814C6FD260031F5DD /* KSStringXMLEntityEscaping.h in Headers */ = {isa = PBXBuildFile; fileRef = 22352BC914C6FD260031F5DD /* KSStringXMLEntityEscaping.h */; };
		22352BD914C6FD260031F5DD /* KSStringXMLEntityEscaping.m in Sources */ = {isa = PBXBuildFile; fileRef = 22352BCA14C6FD260031F5DD /* KSStringXMLEntityEscaping.m */; };
		22352BDA14C6FD260031F5DD /* KSXMLAttributes.h in Headers */ = {isa = PBXBuildFile; fileRef = 22352BCC14C6FD260031F5DD /* KSXMLAttributes.h */; };
		22352BDB14C6FD260031F5DD /* KSXMLAttributes.m in Sources */ = {isa = PBXBuildFile; fileRef = 22352BCD14C6FD260031F5DD /* KSXMLAttributes.m */; };
		22352BDC14C6FD260031F5DD /* KSXMLWriter.h in Headers */ = {isa = PBXBuildFile; fileRef = 22352BCE14C6FD260031F5DD /* KSXMLWriter.h */; settings = {ATTRIBUTES = (Public, ); }; };
		22352BDD14C6FD260031F5DD /* KSXMLWriter.m in Sources */ = {isa = PBXBuildFile; fileRef = 22352BCF14C6FD260031F5DD /* KSXMLWriter.m */; };
		2278062214F7B4F7001205E1 /* WebKit.framework in Frameworks */ = {isa = PBXBuildFile; fileRef = 22C1948714C709A1009A4406 /* WebKit.framework */; };
		22C1943E14C6FE9D009A4406 /* KSBufferedWriter.h in Headers */ = {isa = PBXBuildFile; fileRef = 22C1943214C6FE9D009A4406 /* KSBufferedWriter.h */; };
		22C1943F14C6FE9D009A4406 /* KSBufferedWriter.m in Sources */ = {isa = PBXBuildFile; fileRef = 22C1943314C6FE9D009A4406 /* KSBufferedWriter.m */; };
		22C1944014C6FE9D009A4406 /* KSForwardingWriter.h in Headers */ = {isa = PBXBuildFile; fileRef = 22C1943414C6FE9D009A4406 /* KSForwardingWriter.h */; settings = {ATTRIBUTES = (Public, ); }; };
		22C1944114C6FE9D009A4406 /* KSForwardingWriter.m in Sources */ = {isa = PBXBuildFile; fileRef = 22C1943514C6FE9D009A4406 /* KSForwardingWriter.m */; };
		22C1944214C6FE9D009A4406 /* KSMutableDataWriter.h in Headers */ = {isa = PBXBuildFile; fileRef = 22C1943614C6FE9D009A4406 /* KSMutableDataWriter.h */; };
		22C1944314C6FE9D009A4406 /* KSMutableDataWriter.m in Sources */ = {isa = PBXBuildFile; fileRef = 22C1943714C6FE9D009A4406 /* KSMutableDataWriter.m */; };
		22C1944414C6FE9D009A4406 /* KSOutputStreamWriter.h in Headers */ = {isa = PBXBuildFile; fileRef = 22C1943814C6FE9D009A4406 /* KSOutputStreamWriter.h */; };
		22C1944514C6FE9D009A4406 /* KSOutputStreamWriter.m in Sources */ = {isa = PBXBuildFile; fileRef = 22C1943914C6FE9D009A4406 /* KSOutputStreamWriter.m */; };
		22C1944614C6FE9D009A4406 /* KSStringWriter.h in Headers */ = {isa = PBXBuildFile; fileRef = 22C1943A14C6FE9D009A4406 /* KSStringWriter.h */; };
		22C1944714C6FE9D009A4406 /* KSStringWriter.m in Sources */ = {isa = PBXBuildFile; fileRef = 22C1943B14C6FE9D009A4406 /* KSStringWriter.m */; };
		22C1944814C6FE9D009A4406 /* KSWriter.h in Headers */ = {isa = PBXBuildFile; fileRef = 22C1943C14C6FE9D009A4406 /* KSWriter.h */; settings = {ATTRIBUTES = (Public, ); }; };
		22C1944914C6FE9D009A4406 /* KSWriter.m in Sources */ = {isa = PBXBuildFile; fileRef = 22C1943D14C6FE9D009A4406 /* KSWriter.m */; };
		22C91F0614F7BDBC00FCFF8F /* KSHTMLWriterSnippetTests.m in Sources */ = {isa = PBXBuildFile; fileRef = 22C91F0214F7BDBC00FCFF8F /* KSHTMLWriterSnippetTests.m */; };
		22C91F0914F7BDBC00FCFF8F /* KSXMLWriterTests.m in Sources */ = {isa = PBXBuildFile; fileRef = 22C91F0514F7BDBC00FCFF8F /* KSXMLWriterTests.m */; };
		22C91F4B14F7BEED00FCFF8F /* ECTestCase.m in Sources */ = {isa = PBXBuildFile; fileRef = 22C91F4314F7BEED00FCFF8F /* ECTestCase.m */; };
		22C91F4C14F7BEED00FCFF8F /* README.mdown in Resources */ = {isa = PBXBuildFile; fileRef = 22C91F4414F7BEED00FCFF8F /* README.mdown */; };
		22C91F4D14F7BEED00FCFF8F /* Test.bundle in Resources */ = {isa = PBXBuildFile; fileRef = 22C91F4614F7BEED00FCFF8F /* Test.bundle */; };
		22C91F4E14F7BEED00FCFF8F /* ocunit2junit.rb in Resources */ = {isa = PBXBuildFile; fileRef = 22C91F4814F7BEED00FCFF8F /* ocunit2junit.rb */; };
		22C91F4F14F7BEED00FCFF8F /* test-common.sh in Resources */ = {isa = PBXBuildFile; fileRef = 22C91F4914F7BEED00FCFF8F /* test-common.sh */; };
		271963EC1691C95000CCBA0B /* KSBlockWriter.h in Headers */ = {isa = PBXBuildFile; fileRef = 271963EA1691C95000CCBA0B /* KSBlockWriter.h */; settings = {ATTRIBUTES = (); }; };
		271963ED1691C95000CCBA0B /* KSBlockWriter.h in Headers */ = {isa = PBXBuildFile; fileRef = 271963EA1691C95000CCBA0B /* KSBlockWriter.h */; settings = {ATTRIBUTES = (Public, ); }; };
		271963EE1691C95000CCBA0B /* KSBlockWriter.m in Sources */ = {isa = PBXBuildFile; fileRef = 271963EB1691C95000CCBA0B /* KSBlockWriter.m */; };
		271963EF1691C95000CCBA0B /* KSBlockWriter.m in Sources */ = {isa = PBXBuildFile; fileRef = 271963EB1691C95000CCBA0B /* KSBlockWriter.m */; settings = {COMPILER_FLAGS = "-fno-objc-arc"; }; };
		7B0E63131C0BEB23007C6C14 /* WebKit.framework in Frameworks */ = {isa = PBXBuildFile; fileRef = 22C1948714C709A1009A4406 /* WebKit.framework */; };
		7B35612919366D880014FEAE /* cssjson.js in Resources */ = {isa = PBXBuildFile; fileRef = 7B35612719366D630014FEAE /* cssjson.js */; };
		7B35613819379D590014FEAE /* JSONEntity.m in Sources */ = {isa = PBXBuildFile; fileRef = 7B417DED1928A9730056D78F /* JSONEntity.m */; settings = {COMPILER_FLAGS = "-fobjc-arc"; }; };
		7B417DEF1928A9730056D78F /* AssetCollection.h in Headers */ = {isa = PBXBuildFile; fileRef = 7B417DE81928A9730056D78F /* AssetCollection.h */; };
		7B417DF11928A9730056D78F /* Bootstrap.h in Headers */ = {isa = PBXBuildFile; fileRef = 7B417DEA1928A9730056D78F /* Bootstrap.h */; };
		7B417DF31928A9730056D78F /* JSONEntity.h in Headers */ = {isa = PBXBuildFile; fileRef = 7B417DEC1928A9730056D78F /* JSONEntity.h */; settings = {ATTRIBUTES = (Public, ); }; };
		7B9761EF19B24F8B00B7C22F /* KSHTMLWriter.framework in Frameworks */ = {isa = PBXBuildFile; fileRef = 9FC4242D15F57A0F001B9220 /* KSHTMLWriter.framework */; };
		7BA254AF17D1AE8C00D44066 /* KSHTMLWriter+Convenience.m in Sources */ = {isa = PBXBuildFile; fileRef = 7BC3C1B817D175980070E9DE /* KSHTMLWriter+Convenience.m */; settings = {COMPILER_FLAGS = "-fno-objc-arc"; }; };
		7BA254B017D1AE9700D44066 /* KSHTMLWriter+Convenience.h in Headers */ = {isa = PBXBuildFile; fileRef = 7BC3C1B717D175980070E9DE /* KSHTMLWriter+Convenience.h */; settings = {ATTRIBUTES = (Public, ); }; };
		7BA254B117D1AE9800D44066 /* KSHTMLWriter+Convenience.h in Headers */ = {isa = PBXBuildFile; fileRef = 7BC3C1B717D175980070E9DE /* KSHTMLWriter+Convenience.h */; };
		7BB7CF14194593130077BDEC /* KSJSBeautifier.h in Headers */ = {isa = PBXBuildFile; fileRef = 7BB7CF12194593130077BDEC /* KSJSBeautifier.h */; };
		7BB7CF15194593130077BDEC /* KSJSBeautifier.m in Sources */ = {isa = PBXBuildFile; fileRef = 7BB7CF13194593130077BDEC /* KSJSBeautifier.m */; };
		7BB7CF1F19459B320077BDEC /* beautify.js in Resources */ = {isa = PBXBuildFile; fileRef = 7BB7CF10194592460077BDEC /* beautify.js */; };
		7BCB42DD1922CA5700904BC8 /* LPEngineKIT.h in Headers */ = {isa = PBXBuildFile; fileRef = 7BCB42DA1922CA5700904BC8 /* LPEngineKIT.h */; };
		7BCB42DE1922CA5700904BC8 /* LPEngineKIT.h in Headers */ = {isa = PBXBuildFile; fileRef = 7BCB42DA1922CA5700904BC8 /* LPEngineKIT.h */; };
		7BDA6C441AC2BE3000622E72 /* Snippets in Resources */ = {isa = PBXBuildFile; fileRef = 7BDA6C421AC2BE3000622E72 /* Snippets */; };
		7BDA6C451AC2BE3000622E72 /* Stub.html in Resources */ = {isa = PBXBuildFile; fileRef = 7BDA6C431AC2BE3000622E72 /* Stub.html */; };
		9FC4243415F57A0F001B9220 /* InfoPlist.strings in Resources */ = {isa = PBXBuildFile; fileRef = 9FC4243215F57A0F001B9220 /* InfoPlist.strings */; };
		9FC4243D15F5801E001B9220 /* KSCSSWriter.m in Sources */ = {isa = PBXBuildFile; fileRef = 22352BC114C6FD260031F5DD /* KSCSSWriter.m */; settings = {COMPILER_FLAGS = "-fno-objc-arc"; }; };
		9FC4243E15F5801E001B9220 /* KSXMLWriterDOMAdaptor.m in Sources */ = {isa = PBXBuildFile; fileRef = 22352BC414C6FD260031F5DD /* KSXMLWriterDOMAdaptor.m */; settings = {COMPILER_FLAGS = "-fno-objc-arc"; }; };
		9FC4243F15F5801E001B9220 /* KSHTMLWriter.m in Sources */ = {isa = PBXBuildFile; fileRef = 22352BC814C6FD260031F5DD /* KSHTMLWriter.m */; settings = {COMPILER_FLAGS = "-fno-objc-arc"; }; };
		9FC4244015F5801E001B9220 /* KSStringXMLEntityEscaping.m in Sources */ = {isa = PBXBuildFile; fileRef = 22352BCA14C6FD260031F5DD /* KSStringXMLEntityEscaping.m */; settings = {COMPILER_FLAGS = "-fno-objc-arc"; }; };
		9FC4244115F5801E001B9220 /* KSBufferedWriter.m in Sources */ = {isa = PBXBuildFile; fileRef = 22C1943314C6FE9D009A4406 /* KSBufferedWriter.m */; settings = {COMPILER_FLAGS = "-fno-objc-arc"; }; };
		9FC4244215F5801E001B9220 /* KSForwardingWriter.m in Sources */ = {isa = PBXBuildFile; fileRef = 22C1943514C6FE9D009A4406 /* KSForwardingWriter.m */; settings = {COMPILER_FLAGS = "-fno-objc-arc"; }; };
		9FC4244315F5801E001B9220 /* KSMutableDataWriter.m in Sources */ = {isa = PBXBuildFile; fileRef = 22C1943714C6FE9D009A4406 /* KSMutableDataWriter.m */; settings = {COMPILER_FLAGS = "-fno-objc-arc"; }; };
		9FC4244415F5801E001B9220 /* KSOutputStreamWriter.m in Sources */ = {isa = PBXBuildFile; fileRef = 22C1943914C6FE9D009A4406 /* KSOutputStreamWriter.m */; settings = {COMPILER_FLAGS = "-fno-objc-arc"; }; };
		9FC4244515F5801E001B9220 /* KSStringWriter.m in Sources */ = {isa = PBXBuildFile; fileRef = 22C1943B14C6FE9D009A4406 /* KSStringWriter.m */; settings = {COMPILER_FLAGS = "-fno-objc-arc"; }; };
		9FC4244615F5801E001B9220 /* KSWriter.m in Sources */ = {isa = PBXBuildFile; fileRef = 22C1943D14C6FE9D009A4406 /* KSWriter.m */; settings = {COMPILER_FLAGS = "-fno-objc-arc"; }; };
		9FC4244715F5801E001B9220 /* KSXMLAttributes.m in Sources */ = {isa = PBXBuildFile; fileRef = 22352BCD14C6FD260031F5DD /* KSXMLAttributes.m */; settings = {COMPILER_FLAGS = "-fno-objc-arc"; }; };
		9FC4244815F5801E001B9220 /* KSXMLWriter.m in Sources */ = {isa = PBXBuildFile; fileRef = 22352BCF14C6FD260031F5DD /* KSXMLWriter.m */; settings = {COMPILER_FLAGS = "-fno-objc-arc"; }; };
		9FC4244A15F5804A001B9220 /* KSCSSWriter.h in Headers */ = {isa = PBXBuildFile; fileRef = 22352BC014C6FD260031F5DD /* KSCSSWriter.h */; settings = {ATTRIBUTES = (Public, ); }; };
		9FC4244B15F5804A001B9220 /* KSXMLWriterDOMAdaptor.h in Headers */ = {isa = PBXBuildFile; fileRef = 22352BC314C6FD260031F5DD /* KSXMLWriterDOMAdaptor.h */; settings = {ATTRIBUTES = (Public, ); }; };
		9FC4244C15F5804A001B9220 /* KSHTMLWriter.h in Headers */ = {isa = PBXBuildFile; fileRef = 22352BC714C6FD260031F5DD /* KSHTMLWriter.h */; settings = {ATTRIBUTES = (Public, ); }; };
		9FC4244D15F5804A001B9220 /* KSStringXMLEntityEscaping.h in Headers */ = {isa = PBXBuildFile; fileRef = 22352BC914C6FD260031F5DD /* KSStringXMLEntityEscaping.h */; settings = {ATTRIBUTES = (Public, ); }; };
		9FC4244E15F5804A001B9220 /* KSBufferedWriter.h in Headers */ = {isa = PBXBuildFile; fileRef = 22C1943214C6FE9D009A4406 /* KSBufferedWriter.h */; settings = {ATTRIBUTES = (Public, ); }; };
		9FC4244F15F5804A001B9220 /* KSForwardingWriter.h in Headers */ = {isa = PBXBuildFile; fileRef = 22C1943414C6FE9D009A4406 /* KSForwardingWriter.h */; settings = {ATTRIBUTES = (Public, ); }; };
		9FC4245015F5804A001B9220 /* KSMutableDataWriter.h in Headers */ = {isa = PBXBuildFile; fileRef = 22C1943614C6FE9D009A4406 /* KSMutableDataWriter.h */; settings = {ATTRIBUTES = (Public, ); }; };
		9FC4245115F5804A001B9220 /* KSOutputStreamWriter.h in Headers */ = {isa = PBXBuildFile; fileRef = 22C1943814C6FE9D009A4406 /* KSOutputStreamWriter.h */; settings = {ATTRIBUTES = (Public, ); }; };
		9FC4245215F5804A001B9220 /* KSStringWriter.h in Headers */ = {isa = PBXBuildFile; fileRef = 22C1943A14C6FE9D009A4406 /* KSStringWriter.h */; settings = {ATTRIBUTES = (Public, ); }; };
		9FC4245315F5804A001B9220 /* KSWriter.h in Headers */ = {isa = PBXBuildFile; fileRef = 22C1943C14C6FE9D009A4406 /* KSWriter.h */; settings = {ATTRIBUTES = (Public, ); }; };
		9FC4245415F5804A001B9220 /* KSXMLAttributes.h in Headers */ = {isa = PBXBuildFile; fileRef = 22352BCC14C6FD260031F5DD /* KSXMLAttributes.h */; settings = {ATTRIBUTES = (Public, ); }; };
		9FC4245515F5804A001B9220 /* KSXMLWriter.h in Headers */ = {isa = PBXBuildFile; fileRef = 22352BCE14C6FD260031F5DD /* KSXMLWriter.h */; settings = {ATTRIBUTES = (Public, ); }; };
/* End PBXBuildFile section */

/* Begin PBXContainerItemProxy section */
		7B9761EC19B24F2C00B7C22F /* PBXContainerItemProxy */ = {
			isa = PBXContainerItemProxy;
			containerPortal = 22352B8714C6FCAF0031F5DD /* Project object */;
			proxyType = 1;
			remoteGlobalIDString = 9FC4242C15F57A0F001B9220;
			remoteInfo = KSHTMLWriter;
		};
/* End PBXContainerItemProxy section */

/* Begin PBXFileReference section */
		22222CB514F7E97F00210FBD /* KSHTMLWriterNormalSnippetTests.m */ = {isa = PBXFileReference; fileEncoding = 4; lastKnownFileType = sourcecode.c.objc; path = KSHTMLWriterNormalSnippetTests.m; sourceTree = "<group>"; };
		22222CB614F7E97F00210FBD /* KSHTMLWriterPrettyPrintSnippetTests.m */ = {isa = PBXFileReference; fileEncoding = 4; lastKnownFileType = sourcecode.c.objc; path = KSHTMLWriterPrettyPrintSnippetTests.m; sourceTree = "<group>"; };
		22222CB714F7E97F00210FBD /* KSHTMLWriterSnippetTests.h */ = {isa = PBXFileReference; fileEncoding = 4; lastKnownFileType = sourcecode.c.h; path = KSHTMLWriterSnippetTests.h; sourceTree = "<group>"; };
		223269E614FA8125003055A2 /* ECParameterisedTestCase.h */ = {isa = PBXFileReference; fileEncoding = 4; lastKnownFileType = sourcecode.c.h; path = ECParameterisedTestCase.h; sourceTree = "<group>"; };
		223269E714FA8125003055A2 /* ECParameterisedTestCase.m */ = {isa = PBXFileReference; fileEncoding = 4; lastKnownFileType = sourcecode.c.objc; path = ECParameterisedTestCase.m; sourceTree = "<group>"; };
		22352B9014C6FCB00031F5DD /* liblibKSHTMLWriter.a */ = {isa = PBXFileReference; explicitFileType = archive.ar; includeInIndex = 0; path = liblibKSHTMLWriter.a; sourceTree = BUILT_PRODUCTS_DIR; };
		22352B9314C6FCB00031F5DD /* Cocoa.framework */ = {isa = PBXFileReference; lastKnownFileType = wrapper.framework; name = Cocoa.framework; path = System/Library/Frameworks/Cocoa.framework; sourceTree = SDKROOT; };
		22352B9614C6FCB00031F5DD /* AppKit.framework */ = {isa = PBXFileReference; lastKnownFileType = wrapper.framework; name = AppKit.framework; path = System/Library/Frameworks/AppKit.framework; sourceTree = SDKROOT; };
		22352B9714C6FCB00031F5DD /* CoreData.framework */ = {isa = PBXFileReference; lastKnownFileType = wrapper.framework; name = CoreData.framework; path = System/Library/Frameworks/CoreData.framework; sourceTree = SDKROOT; };
		22352B9814C6FCB00031F5DD /* Foundation.framework */ = {isa = PBXFileReference; lastKnownFileType = wrapper.framework; name = Foundation.framework; path = System/Library/Frameworks/Foundation.framework; sourceTree = SDKROOT; };
		22352BA414C6FCB00031F5DD /* KSHTMLWriterTests.octest */ = {isa = PBXFileReference; explicitFileType = wrapper.cfbundle; includeInIndex = 0; path = KSHTMLWriterTests.octest; sourceTree = BUILT_PRODUCTS_DIR; };
		22352BA514C6FCB00031F5DD /* SenTestingKit.framework */ = {isa = PBXFileReference; lastKnownFileType = wrapper.framework; name = SenTestingKit.framework; path = Library/Frameworks/SenTestingKit.framework; sourceTree = DEVELOPER_DIR; };
		22352BC014C6FD260031F5DD /* KSCSSWriter.h */ = {isa = PBXFileReference; fileEncoding = 4; lastKnownFileType = sourcecode.c.h; path = KSCSSWriter.h; sourceTree = "<group>"; };
		22352BC114C6FD260031F5DD /* KSCSSWriter.m */ = {isa = PBXFileReference; fileEncoding = 4; lastKnownFileType = sourcecode.c.objc; path = KSCSSWriter.m; sourceTree = "<group>"; };
		22352BC314C6FD260031F5DD /* KSXMLWriterDOMAdaptor.h */ = {isa = PBXFileReference; fileEncoding = 4; lastKnownFileType = sourcecode.c.h; path = KSXMLWriterDOMAdaptor.h; sourceTree = "<group>"; };
		22352BC414C6FD260031F5DD /* KSXMLWriterDOMAdaptor.m */ = {isa = PBXFileReference; fileEncoding = 4; lastKnownFileType = sourcecode.c.objc; path = KSXMLWriterDOMAdaptor.m; sourceTree = "<group>"; };
		22352BC714C6FD260031F5DD /* KSHTMLWriter.h */ = {isa = PBXFileReference; fileEncoding = 4; lastKnownFileType = sourcecode.c.h; path = KSHTMLWriter.h; sourceTree = SOURCE_ROOT; };
		22352BC814C6FD260031F5DD /* KSHTMLWriter.m */ = {isa = PBXFileReference; fileEncoding = 4; lastKnownFileType = sourcecode.c.objc; path = KSHTMLWriter.m; sourceTree = SOURCE_ROOT; };
		22352BC914C6FD260031F5DD /* KSStringXMLEntityEscaping.h */ = {isa = PBXFileReference; fileEncoding = 4; lastKnownFileType = sourcecode.c.h; path = KSStringXMLEntityEscaping.h; sourceTree = SOURCE_ROOT; };
		22352BCA14C6FD260031F5DD /* KSStringXMLEntityEscaping.m */ = {isa = PBXFileReference; fileEncoding = 4; lastKnownFileType = sourcecode.c.objc; path = KSStringXMLEntityEscaping.m; sourceTree = SOURCE_ROOT; };
		22352BCC14C6FD260031F5DD /* KSXMLAttributes.h */ = {isa = PBXFileReference; fileEncoding = 4; lastKnownFileType = sourcecode.c.h; path = KSXMLAttributes.h; sourceTree = SOURCE_ROOT; };
		22352BCD14C6FD260031F5DD /* KSXMLAttributes.m */ = {isa = PBXFileReference; fileEncoding = 4; lastKnownFileType = sourcecode.c.objc; path = KSXMLAttributes.m; sourceTree = SOURCE_ROOT; };
		22352BCE14C6FD260031F5DD /* KSXMLWriter.h */ = {isa = PBXFileReference; fileEncoding = 4; lastKnownFileType = sourcecode.c.h; path = KSXMLWriter.h; sourceTree = SOURCE_ROOT; };
		22352BCF14C6FD260031F5DD /* KSXMLWriter.m */ = {isa = PBXFileReference; fileEncoding = 4; lastKnownFileType = sourcecode.c.objc; path = KSXMLWriter.m; sourceTree = SOURCE_ROOT; };
		22352BD014C6FD260031F5DD /* README.mdown */ = {isa = PBXFileReference; fileEncoding = 4; lastKnownFileType = text; path = README.mdown; sourceTree = SOURCE_ROOT; };
		2291487B14CD7A0A00EFB4AB /* README.mdown */ = {isa = PBXFileReference; lastKnownFileType = text; path = README.mdown; sourceTree = "<group>"; };
		22C18C0314D3001700AE57DA /* test.sh */ = {isa = PBXFileReference; lastKnownFileType = text.script.sh; path = test.sh; sourceTree = "<group>"; };
		22C1943214C6FE9D009A4406 /* KSBufferedWriter.h */ = {isa = PBXFileReference; fileEncoding = 4; lastKnownFileType = sourcecode.c.h; path = KSBufferedWriter.h; sourceTree = "<group>"; };
		22C1943314C6FE9D009A4406 /* KSBufferedWriter.m */ = {isa = PBXFileReference; fileEncoding = 4; lastKnownFileType = sourcecode.c.objc; path = KSBufferedWriter.m; sourceTree = "<group>"; };
		22C1943414C6FE9D009A4406 /* KSForwardingWriter.h */ = {isa = PBXFileReference; fileEncoding = 4; lastKnownFileType = sourcecode.c.h; path = KSForwardingWriter.h; sourceTree = "<group>"; };
		22C1943514C6FE9D009A4406 /* KSForwardingWriter.m */ = {isa = PBXFileReference; fileEncoding = 4; lastKnownFileType = sourcecode.c.objc; path = KSForwardingWriter.m; sourceTree = "<group>"; };
		22C1943614C6FE9D009A4406 /* KSMutableDataWriter.h */ = {isa = PBXFileReference; fileEncoding = 4; lastKnownFileType = sourcecode.c.h; path = KSMutableDataWriter.h; sourceTree = "<group>"; };
		22C1943714C6FE9D009A4406 /* KSMutableDataWriter.m */ = {isa = PBXFileReference; fileEncoding = 4; lastKnownFileType = sourcecode.c.objc; path = KSMutableDataWriter.m; sourceTree = "<group>"; };
		22C1943814C6FE9D009A4406 /* KSOutputStreamWriter.h */ = {isa = PBXFileReference; fileEncoding = 4; lastKnownFileType = sourcecode.c.h; path = KSOutputStreamWriter.h; sourceTree = "<group>"; };
		22C1943914C6FE9D009A4406 /* KSOutputStreamWriter.m */ = {isa = PBXFileReference; fileEncoding = 4; lastKnownFileType = sourcecode.c.objc; path = KSOutputStreamWriter.m; sourceTree = "<group>"; };
		22C1943A14C6FE9D009A4406 /* KSStringWriter.h */ = {isa = PBXFileReference; fileEncoding = 4; lastKnownFileType = sourcecode.c.h; path = KSStringWriter.h; sourceTree = "<group>"; };
		22C1943B14C6FE9D009A4406 /* KSStringWriter.m */ = {isa = PBXFileReference; fileEncoding = 4; lastKnownFileType = sourcecode.c.objc; path = KSStringWriter.m; sourceTree = "<group>"; };
		22C1943C14C6FE9D009A4406 /* KSWriter.h */ = {isa = PBXFileReference; fileEncoding = 4; lastKnownFileType = sourcecode.c.h; path = KSWriter.h; sourceTree = "<group>"; };
		22C1943D14C6FE9D009A4406 /* KSWriter.m */ = {isa = PBXFileReference; fileEncoding = 4; lastKnownFileType = sourcecode.c.objc; path = KSWriter.m; sourceTree = "<group>"; };
		22C1948714C709A1009A4406 /* WebKit.framework */ = {isa = PBXFileReference; lastKnownFileType = wrapper.framework; name = WebKit.framework; path = System/Library/Frameworks/WebKit.framework; sourceTree = SDKROOT; };
		22C91F0214F7BDBC00FCFF8F /* KSHTMLWriterSnippetTests.m */ = {isa = PBXFileReference; fileEncoding = 4; lastKnownFileType = sourcecode.c.objc; path = KSHTMLWriterSnippetTests.m; sourceTree = "<group>"; };
		22C91F0414F7BDBC00FCFF8F /* KSXMLWriterCompoundTests.m */ = {isa = PBXFileReference; fileEncoding = 4; lastKnownFileType = sourcecode.c.objc; path = KSXMLWriterCompoundTests.m; sourceTree = "<group>"; };
		22C91F0514F7BDBC00FCFF8F /* KSXMLWriterTests.m */ = {isa = PBXFileReference; fileEncoding = 4; lastKnownFileType = sourcecode.c.objc; path = KSXMLWriterTests.m; sourceTree = "<group>"; };
		22C91F4214F7BEED00FCFF8F /* ECTestCase.h */ = {isa = PBXFileReference; fileEncoding = 4; lastKnownFileType = sourcecode.c.h; path = ECTestCase.h; sourceTree = "<group>"; };
		22C91F4314F7BEED00FCFF8F /* ECTestCase.m */ = {isa = PBXFileReference; fileEncoding = 4; lastKnownFileType = sourcecode.c.objc; path = ECTestCase.m; sourceTree = "<group>"; };
		22C91F4414F7BEED00FCFF8F /* README.mdown */ = {isa = PBXFileReference; fileEncoding = 4; lastKnownFileType = text; name = README.mdown; path = ../README.mdown; sourceTree = "<group>"; };
		22C91F4614F7BEED00FCFF8F /* Test.bundle */ = {isa = PBXFileReference; lastKnownFileType = "wrapper.plug-in"; path = Test.bundle; sourceTree = "<group>"; };
		22C91F4814F7BEED00FCFF8F /* ocunit2junit.rb */ = {isa = PBXFileReference; fileEncoding = 4; lastKnownFileType = text.script.ruby; path = ocunit2junit.rb; sourceTree = "<group>"; };
		22C91F4914F7BEED00FCFF8F /* test-common.sh */ = {isa = PBXFileReference; fileEncoding = 4; lastKnownFileType = text.script.sh; path = "test-common.sh"; sourceTree = "<group>"; };
		271963EA1691C95000CCBA0B /* KSBlockWriter.h */ = {isa = PBXFileReference; fileEncoding = 4; lastKnownFileType = sourcecode.c.h; path = KSBlockWriter.h; sourceTree = "<group>"; };
		271963EB1691C95000CCBA0B /* KSBlockWriter.m */ = {isa = PBXFileReference; fileEncoding = 4; lastKnownFileType = sourcecode.c.objc; path = KSBlockWriter.m; sourceTree = "<group>"; };
		7B35612519366D630014FEAE /* example.html */ = {isa = PBXFileReference; lastKnownFileType = text.html; name = example.html; path = CSSJSON/example.html; sourceTree = SOURCE_ROOT; };
		7B35612619366D630014FEAE /* example.css */ = {isa = PBXFileReference; lastKnownFileType = text.css; name = example.css; path = CSSJSON/example.css; sourceTree = SOURCE_ROOT; };
		7B35612719366D630014FEAE /* cssjson.js */ = {isa = PBXFileReference; lastKnownFileType = sourcecode.javascript; name = cssjson.js; path = CSSJSON/cssjson.js; sourceTree = SOURCE_ROOT; };
		7B417DE81928A9730056D78F /* AssetCollection.h */ = {isa = PBXFileReference; fileEncoding = 4; lastKnownFileType = sourcecode.c.h; name = AssetCollection.h; path = ../../AtoZ/Core/AssetCollection.h; sourceTree = "<group>"; };
		7B417DE91928A9730056D78F /* AssetCollection.m */ = {isa = PBXFileReference; fileEncoding = 4; lastKnownFileType = sourcecode.c.objc; lineEnding = 0; name = AssetCollection.m; path = ../../AtoZ/Core/AssetCollection.m; sourceTree = "<group>"; xcLanguageSpecificationIdentifier = xcode.lang.objc; };
		7B417DEA1928A9730056D78F /* Bootstrap.h */ = {isa = PBXFileReference; fileEncoding = 4; lastKnownFileType = sourcecode.c.h; name = Bootstrap.h; path = ../../AtoZ/Models/Bootstrap.h; sourceTree = "<group>"; };
		7B417DEB1928A9730056D78F /* Bootstrap.m */ = {isa = PBXFileReference; fileEncoding = 4; lastKnownFileType = sourcecode.c.objc; name = Bootstrap.m; path = ../../AtoZ/Models/Bootstrap.m; sourceTree = "<group>"; };
		7B417DEC1928A9730056D78F /* JSONEntity.h */ = {isa = PBXFileReference; fileEncoding = 4; lastKnownFileType = sourcecode.c.h; path = JSONEntity.h; sourceTree = "<group>"; };
		7B417DED1928A9730056D78F /* JSONEntity.m */ = {isa = PBXFileReference; fileEncoding = 4; lastKnownFileType = sourcecode.c.objc; path = JSONEntity.m; sourceTree = "<group>"; };
		7B740ABC1B8634A30015986D /* JavaScriptCore.framework */ = {isa = PBXFileReference; lastKnownFileType = wrapper.framework; name = JavaScriptCore.framework; path = System/Library/Frameworks/JavaScriptCore.framework; sourceTree = SDKROOT; };
		7BB7CF10194592460077BDEC /* beautify.js */ = {isa = PBXFileReference; fileEncoding = 4; lastKnownFileType = sourcecode.javascript; path = beautify.js; sourceTree = "<group>"; };
		7BB7CF12194593130077BDEC /* KSJSBeautifier.h */ = {isa = PBXFileReference; fileEncoding = 4; lastKnownFileType = sourcecode.c.h; name = KSJSBeautifier.h; path = Extras/KSJSBeautifier.h; sourceTree = "<group>"; };
		7BB7CF13194593130077BDEC /* KSJSBeautifier.m */ = {isa = PBXFileReference; fileEncoding = 4; lastKnownFileType = sourcecode.c.objc; name = KSJSBeautifier.m; path = Extras/KSJSBeautifier.m; sourceTree = "<group>"; };
		7BC3C1B717D175980070E9DE /* KSHTMLWriter+Convenience.h */ = {isa = PBXFileReference; lastKnownFileType = sourcecode.c.h; path = "KSHTMLWriter+Convenience.h"; sourceTree = "<group>"; };
		7BC3C1B817D175980070E9DE /* KSHTMLWriter+Convenience.m */ = {isa = PBXFileReference; fileEncoding = 4; lastKnownFileType = sourcecode.c.objc; lineEnding = 0; path = "KSHTMLWriter+Convenience.m"; sourceTree = "<group>"; };
		7BC3C1B917D175980070E9DE /* KSSitemapWriter.h */ = {isa = PBXFileReference; lastKnownFileType = sourcecode.c.h; path = KSSitemapWriter.h; sourceTree = "<group>"; };
		7BC3C1BA17D175980070E9DE /* KSSitemapWriter.m */ = {isa = PBXFileReference; lastKnownFileType = sourcecode.c.objc; path = KSSitemapWriter.m; sourceTree = "<group>"; };
		7BCB42DA1922CA5700904BC8 /* LPEngineKIT.h */ = {isa = PBXFileReference; fileEncoding = 4; lastKnownFileType = sourcecode.c.h; path = LPEngineKIT.h; sourceTree = "<group>"; };
		7BCB42DB1922CA5700904BC8 /* LPEngineKIT.m */ = {isa = PBXFileReference; fileEncoding = 4; lastKnownFileType = sourcecode.c.objc; path = LPEngineKIT.m; sourceTree = "<group>"; };
		7BCB42DC1922CA5700904BC8 /* README.md */ = {isa = PBXFileReference; fileEncoding = 4; lastKnownFileType = text; path = README.md; sourceTree = "<group>"; };
		7BCDC124182A428300C9AE23 /* Mac-Framework.xcconfig */ = {isa = PBXFileReference; lastKnownFileType = text.xcconfig; lineEnding = 0; name = "Mac-Framework.xcconfig"; path = "../../xcconfigs/Mac/Mac-Framework.xcconfig"; sourceTree = SOURCE_ROOT; };
		7BDA6C401AC2BE1800622E72 /* Resources */ = {isa = PBXFileReference; lastKnownFileType = folder; name = Resources; path = Tests/Resources; sourceTree = SOURCE_ROOT; };
		7BDA6C421AC2BE3000622E72 /* Snippets */ = {isa = PBXFileReference; lastKnownFileType = folder; name = Snippets; path = Tests/Resources/Snippets; sourceTree = "<group>"; };
		7BDA6C431AC2BE3000622E72 /* Stub.html */ = {isa = PBXFileReference; lastKnownFileType = text.html; name = Stub.html; path = Tests/Resources/Stub.html; sourceTree = "<group>"; };
		9FC4242D15F57A0F001B9220 /* KSHTMLWriter.framework */ = {isa = PBXFileReference; explicitFileType = wrapper.framework; includeInIndex = 0; path = KSHTMLWriter.framework; sourceTree = BUILT_PRODUCTS_DIR; };
		9FC4243115F57A0F001B9220 /* KSHTMLWriterFramework-Info.plist */ = {isa = PBXFileReference; lastKnownFileType = text.plist.xml; path = "KSHTMLWriterFramework-Info.plist"; sourceTree = "<group>"; };
		9FC4243315F57A0F001B9220 /* en */ = {isa = PBXFileReference; lastKnownFileType = text.plist.strings; name = en; path = en.lproj/InfoPlist.strings; sourceTree = "<group>"; };
		9FC4243515F57A0F001B9220 /* KSHTMLWriterFramework-Prefix.pch */ = {isa = PBXFileReference; lastKnownFileType = sourcecode.c.h; path = "KSHTMLWriterFramework-Prefix.pch"; sourceTree = "<group>"; };
/* End PBXFileReference section */

/* Begin PBXFrameworksBuildPhase section */
		22352B8D14C6FCB00031F5DD /* Frameworks */ = {
			isa = PBXFrameworksBuildPhase;
			buildActionMask = 2147483647;
			files = (
				22352B9414C6FCB00031F5DD /* Cocoa.framework in Frameworks */,
			);
			runOnlyForDeploymentPostprocessing = 0;
		};
		22352BA014C6FCB00031F5DD /* Frameworks */ = {
			isa = PBXFrameworksBuildPhase;
			buildActionMask = 2147483647;
			files = (
				7B9761EF19B24F8B00B7C22F /* KSHTMLWriter.framework in Frameworks */,
				22352BA714C6FCB00031F5DD /* Cocoa.framework in Frameworks */,
				2278062214F7B4F7001205E1 /* WebKit.framework in Frameworks */,
			);
			runOnlyForDeploymentPostprocessing = 0;
		};
		7B0E63121C0BEB16007C6C14 /* Frameworks */ = {
			isa = PBXFrameworksBuildPhase;
			buildActionMask = 2147483647;
			files = (
				7B0E63131C0BEB23007C6C14 /* WebKit.framework in Frameworks */,
			);
			runOnlyForDeploymentPostprocessing = 0;
		};
/* End PBXFrameworksBuildPhase section */

/* Begin PBXGroup section */
		22352B8514C6FCAF0031F5DD = {
			isa = PBXGroup;
			children = (
				7B740ABC1B8634A30015986D /* JavaScriptCore.framework */,
				7BDA6C421AC2BE3000622E72 /* Snippets */,
				7BDA6C431AC2BE3000622E72 /* Stub.html */,
				7BCB42D91922CA5600904BC8 /* Kit */,
				22352BBF14C6FD260031F5DD /* CSS */,
				22352BC214C6FD260031F5DD /* DOM */,
				7BC3C1B617D175980070E9DE /* Extras */,
				22352BC714C6FD260031F5DD /* KSHTMLWriter.h */,
				22352BC814C6FD260031F5DD /* KSHTMLWriter.m */,
				22352BC914C6FD260031F5DD /* KSStringXMLEntityEscaping.h */,
				22352BCA14C6FD260031F5DD /* KSStringXMLEntityEscaping.m */,
				22352BCB14C6FD260031F5DD /* KSWriter */,
				22352BCC14C6FD260031F5DD /* KSXMLAttributes.h */,
				22352BCD14C6FD260031F5DD /* KSXMLAttributes.m */,
				22352BCE14C6FD260031F5DD /* KSXMLWriter.h */,
				22352BCF14C6FD260031F5DD /* KSXMLWriter.m */,
				7BB7CF10194592460077BDEC /* beautify.js */,
				7BB7CF12194593130077BDEC /* KSJSBeautifier.h */,
				7BB7CF13194593130077BDEC /* KSJSBeautifier.m */,
				9FC4243015F57A0F001B9220 /* Framework Supporting Files */,
			);
			sourceTree = "<group>";
		};
		22352B9114C6FCB00031F5DD /* Products */ = {
			isa = PBXGroup;
			children = (
				22352B9014C6FCB00031F5DD /* liblibKSHTMLWriter.a */,
				22352BA414C6FCB00031F5DD /* KSHTMLWriterTests.octest */,
				9FC4242D15F57A0F001B9220 /* KSHTMLWriter.framework */,
			);
			name = Products;
			path = ..;
			sourceTree = "<group>";
		};
		22352B9214C6FCB00031F5DD /* Frameworks */ = {
			isa = PBXGroup;
			children = (
				22C1948714C709A1009A4406 /* WebKit.framework */,
				22352B9314C6FCB00031F5DD /* Cocoa.framework */,
				22352BA514C6FCB00031F5DD /* SenTestingKit.framework */,
				22352B9514C6FCB00031F5DD /* Other Frameworks */,
			);
			name = Frameworks;
			path = ..;
			sourceTree = "<group>";
		};
		22352B9514C6FCB00031F5DD /* Other Frameworks */ = {
			isa = PBXGroup;
			children = (
				22352B9614C6FCB00031F5DD /* AppKit.framework */,
				22352B9714C6FCB00031F5DD /* CoreData.framework */,
				22352B9814C6FCB00031F5DD /* Foundation.framework */,
			);
			name = "Other Frameworks";
			sourceTree = "<group>";
		};
		22352BAB14C6FCB00031F5DD /* Tests */ = {
			isa = PBXGroup;
			children = (
				2291487B14CD7A0A00EFB4AB /* README.mdown */,
				22C91F0114F7BDBC00FCFF8F /* Classes */,
				22C91F3E14F7BEED00FCFF8F /* ECUnitTests */,
				22C18C0014D3001700AE57DA /* Scripts */,
			);
			name = Tests;
			path = ../Tests;
			sourceTree = "<group>";
		};
		22352BBF14C6FD260031F5DD /* CSS */ = {
			isa = PBXGroup;
			children = (
				7B35612519366D630014FEAE /* example.html */,
				7B35612619366D630014FEAE /* example.css */,
				7B35612719366D630014FEAE /* cssjson.js */,
				22352BC014C6FD260031F5DD /* KSCSSWriter.h */,
				22352BC114C6FD260031F5DD /* KSCSSWriter.m */,
			);
			path = CSS;
			sourceTree = SOURCE_ROOT;
		};
		22352BC214C6FD260031F5DD /* DOM */ = {
			isa = PBXGroup;
			children = (
				22352BC314C6FD260031F5DD /* KSXMLWriterDOMAdaptor.h */,
				22352BC414C6FD260031F5DD /* KSXMLWriterDOMAdaptor.m */,
			);
			path = DOM;
			sourceTree = SOURCE_ROOT;
		};
		22352BCB14C6FD260031F5DD /* KSWriter */ = {
			isa = PBXGroup;
			children = (
				271963EA1691C95000CCBA0B /* KSBlockWriter.h */,
				271963EB1691C95000CCBA0B /* KSBlockWriter.m */,
				22C1943214C6FE9D009A4406 /* KSBufferedWriter.h */,
				22C1943314C6FE9D009A4406 /* KSBufferedWriter.m */,
				22C1943414C6FE9D009A4406 /* KSForwardingWriter.h */,
				22C1943514C6FE9D009A4406 /* KSForwardingWriter.m */,
				22C1943614C6FE9D009A4406 /* KSMutableDataWriter.h */,
				22C1943714C6FE9D009A4406 /* KSMutableDataWriter.m */,
				22C1943814C6FE9D009A4406 /* KSOutputStreamWriter.h */,
				22C1943914C6FE9D009A4406 /* KSOutputStreamWriter.m */,
				22C1943A14C6FE9D009A4406 /* KSStringWriter.h */,
				22C1943B14C6FE9D009A4406 /* KSStringWriter.m */,
				22C1943C14C6FE9D009A4406 /* KSWriter.h */,
				22C1943D14C6FE9D009A4406 /* KSWriter.m */,
			);
			path = KSWriter;
			sourceTree = SOURCE_ROOT;
		};
		22C18C0014D3001700AE57DA /* Scripts */ = {
			isa = PBXGroup;
			children = (
				22C18C0314D3001700AE57DA /* test.sh */,
			);
			path = Scripts;
			sourceTree = "<group>";
		};
		22C91F0114F7BDBC00FCFF8F /* Classes */ = {
			isa = PBXGroup;
			children = (
				7BDA6C401AC2BE1800622E72 /* Resources */,
				22222CB514F7E97F00210FBD /* KSHTMLWriterNormalSnippetTests.m */,
				22222CB614F7E97F00210FBD /* KSHTMLWriterPrettyPrintSnippetTests.m */,
				22222CB714F7E97F00210FBD /* KSHTMLWriterSnippetTests.h */,
				22C91F0214F7BDBC00FCFF8F /* KSHTMLWriterSnippetTests.m */,
				22C91F0414F7BDBC00FCFF8F /* KSXMLWriterCompoundTests.m */,
				22C91F0514F7BDBC00FCFF8F /* KSXMLWriterTests.m */,
			);
			path = Classes;
			sourceTree = "<group>";
		};
		22C91F3E14F7BEED00FCFF8F /* ECUnitTests */ = {
			isa = PBXGroup;
			children = (
				22C91F4414F7BEED00FCFF8F /* README.mdown */,
				22C91F3F14F7BEED00FCFF8F /* Generic */,
				22C91F4514F7BEED00FCFF8F /* Resources */,
				22C91F4714F7BEED00FCFF8F /* Scripts */,
			);
			path = ECUnitTests;
			sourceTree = "<group>";
		};
		22C91F3F14F7BEED00FCFF8F /* Generic */ = {
			isa = PBXGroup;
			children = (
				223269E614FA8125003055A2 /* ECParameterisedTestCase.h */,
				223269E714FA8125003055A2 /* ECParameterisedTestCase.m */,
				22C91F4214F7BEED00FCFF8F /* ECTestCase.h */,
				22C91F4314F7BEED00FCFF8F /* ECTestCase.m */,
			);
			path = Generic;
			sourceTree = "<group>";
		};
		22C91F4514F7BEED00FCFF8F /* Resources */ = {
			isa = PBXGroup;
			children = (
				22C91F4614F7BEED00FCFF8F /* Test.bundle */,
			);
			path = Resources;
			sourceTree = "<group>";
		};
		22C91F4714F7BEED00FCFF8F /* Scripts */ = {
			isa = PBXGroup;
			children = (
				22C91F4814F7BEED00FCFF8F /* ocunit2junit.rb */,
				22C91F4914F7BEED00FCFF8F /* test-common.sh */,
			);
			path = Scripts;
			sourceTree = "<group>";
		};
		7B417DEE1928A9730056D78F /* HTML */ = {
			isa = PBXGroup;
			children = (
				7B417DE81928A9730056D78F /* AssetCollection.h */,
				7B417DE91928A9730056D78F /* AssetCollection.m */,
				7B417DEA1928A9730056D78F /* Bootstrap.h */,
				7B417DEB1928A9730056D78F /* Bootstrap.m */,
			);
			name = HTML;
			path = ../../../AtoZ/AtoZ;
			sourceTree = "<group>";
		};
		7BC3C1B617D175980070E9DE /* Extras */ = {
			isa = PBXGroup;
			children = (
				7B417DEC1928A9730056D78F /* JSONEntity.h */,
				7B417DED1928A9730056D78F /* JSONEntity.m */,
				7B417DEE1928A9730056D78F /* HTML */,
				7BC3C1B717D175980070E9DE /* KSHTMLWriter+Convenience.h */,
				7BC3C1B817D175980070E9DE /* KSHTMLWriter+Convenience.m */,
				7BC3C1B917D175980070E9DE /* KSSitemapWriter.h */,
				7BC3C1BA17D175980070E9DE /* KSSitemapWriter.m */,
			);
			path = Extras;
			sourceTree = SOURCE_ROOT;
		};
		7BCB42D91922CA5600904BC8 /* Kit */ = {
			isa = PBXGroup;
			children = (
				7BCB42DA1922CA5700904BC8 /* LPEngineKIT.h */,
				7BCB42DB1922CA5700904BC8 /* LPEngineKIT.m */,
				7BCB42DC1922CA5700904BC8 /* README.md */,
			);
			path = Kit;
			sourceTree = "<group>";
		};
		9FC4243015F57A0F001B9220 /* Framework Supporting Files */ = {
			isa = PBXGroup;
			children = (
				22352B9214C6FCB00031F5DD /* Frameworks */,
				22352BAB14C6FCB00031F5DD /* Tests */,
				22352B9114C6FCB00031F5DD /* Products */,
				7BCDC124182A428300C9AE23 /* Mac-Framework.xcconfig */,
				22352BD014C6FD260031F5DD /* README.mdown */,
				9FC4243115F57A0F001B9220 /* KSHTMLWriterFramework-Info.plist */,
				9FC4243215F57A0F001B9220 /* InfoPlist.strings */,
				9FC4243515F57A0F001B9220 /* KSHTMLWriterFramework-Prefix.pch */,
			);
			name = "Framework Supporting Files";
			path = KSHTMLWriterFramework;
			sourceTree = "<group>";
		};
/* End PBXGroup section */

/* Begin PBXHeadersBuildPhase section */
		22352B8E14C6FCB00031F5DD /* Headers */ = {
			isa = PBXHeadersBuildPhase;
			buildActionMask = 2147483647;
			files = (
				22352BD114C6FD260031F5DD /* KSCSSWriter.h in Headers */,
				22352BD314C6FD260031F5DD /* KSXMLWriterDOMAdaptor.h in Headers */,
				22352BD614C6FD260031F5DD /* KSHTMLWriter.h in Headers */,
				22352BD814C6FD260031F5DD /* KSStringXMLEntityEscaping.h in Headers */,
				22352BDA14C6FD260031F5DD /* KSXMLAttributes.h in Headers */,
				7BCB42DD1922CA5700904BC8 /* LPEngineKIT.h in Headers */,
				22352BDC14C6FD260031F5DD /* KSXMLWriter.h in Headers */,
				22C1943E14C6FE9D009A4406 /* KSBufferedWriter.h in Headers */,
				22C1944014C6FE9D009A4406 /* KSForwardingWriter.h in Headers */,
				22C1944214C6FE9D009A4406 /* KSMutableDataWriter.h in Headers */,
				22C1944414C6FE9D009A4406 /* KSOutputStreamWriter.h in Headers */,
				22C1944614C6FE9D009A4406 /* KSStringWriter.h in Headers */,
				22C1944814C6FE9D009A4406 /* KSWriter.h in Headers */,
				271963EC1691C95000CCBA0B /* KSBlockWriter.h in Headers */,
				7BA254B117D1AE9800D44066 /* KSHTMLWriter+Convenience.h in Headers */,
			);
			runOnlyForDeploymentPostprocessing = 0;
		};
		9FC4242A15F57A0F001B9220 /* Headers */ = {
			isa = PBXHeadersBuildPhase;
			buildActionMask = 2147483647;
			files = (
				9FC4244A15F5804A001B9220 /* KSCSSWriter.h in Headers */,
				9FC4244B15F5804A001B9220 /* KSXMLWriterDOMAdaptor.h in Headers */,
				9FC4244C15F5804A001B9220 /* KSHTMLWriter.h in Headers */,
				7B417DEF1928A9730056D78F /* AssetCollection.h in Headers */,
				9FC4244D15F5804A001B9220 /* KSStringXMLEntityEscaping.h in Headers */,
				9FC4244E15F5804A001B9220 /* KSBufferedWriter.h in Headers */,
				7BCB42DE1922CA5700904BC8 /* LPEngineKIT.h in Headers */,
				9FC4244F15F5804A001B9220 /* KSForwardingWriter.h in Headers */,
				9FC4245015F5804A001B9220 /* KSMutableDataWriter.h in Headers */,
				9FC4245115F5804A001B9220 /* KSOutputStreamWriter.h in Headers */,
				9FC4245215F5804A001B9220 /* KSStringWriter.h in Headers */,
				7B417DF31928A9730056D78F /* JSONEntity.h in Headers */,
				9FC4245315F5804A001B9220 /* KSWriter.h in Headers */,
				9FC4245415F5804A001B9220 /* KSXMLAttributes.h in Headers */,
				7B417DF11928A9730056D78F /* Bootstrap.h in Headers */,
				9FC4245515F5804A001B9220 /* KSXMLWriter.h in Headers */,
				271963ED1691C95000CCBA0B /* KSBlockWriter.h in Headers */,
				7BB7CF14194593130077BDEC /* KSJSBeautifier.h in Headers */,
				7BA254B017D1AE9700D44066 /* KSHTMLWriter+Convenience.h in Headers */,
			);
			runOnlyForDeploymentPostprocessing = 0;
		};
/* End PBXHeadersBuildPhase section */

/* Begin PBXNativeTarget section */
		22352B8F14C6FCB00031F5DD /* libKSHTMLWriter */ = {
			isa = PBXNativeTarget;
			buildConfigurationList = 22352BB614C6FCB00031F5DD /* Build configuration list for PBXNativeTarget "libKSHTMLWriter" */;
			buildPhases = (
				22352B8C14C6FCB00031F5DD /* Sources */,
				22352B8D14C6FCB00031F5DD /* Frameworks */,
				22352B8E14C6FCB00031F5DD /* Headers */,
			);
			buildRules = (
			);
			dependencies = (
			);
			name = libKSHTMLWriter;
			productName = KSHTMLWriter;
			productReference = 22352B9014C6FCB00031F5DD /* liblibKSHTMLWriter.a */;
			productType = "com.apple.product-type.library.static";
		};
		22352BA314C6FCB00031F5DD /* KSHTMLWriterTests */ = {
			isa = PBXNativeTarget;
			buildConfigurationList = 22352BB914C6FCB00031F5DD /* Build configuration list for PBXNativeTarget "KSHTMLWriterTests" */;
			buildPhases = (
				22352B9F14C6FCB00031F5DD /* Sources */,
				22352BA014C6FCB00031F5DD /* Frameworks */,
				22352BA114C6FCB00031F5DD /* Resources */,
				22352BA214C6FCB00031F5DD /* ShellScript */,
			);
			buildRules = (
			);
			dependencies = (
				7B9761ED19B24F2C00B7C22F /* PBXTargetDependency */,
			);
			name = KSHTMLWriterTests;
			productName = KSHTMLWriterTests;
			productReference = 22352BA414C6FCB00031F5DD /* KSHTMLWriterTests.octest */;
			productType = "com.apple.product-type.bundle.ocunit-test";
		};
		9FC4242C15F57A0F001B9220 /* KSHTMLWriter */ = {
			isa = PBXNativeTarget;
			buildConfigurationList = 9FC4243B15F57A0F001B9220 /* Build configuration list for PBXNativeTarget "KSHTMLWriter" */;
			buildPhases = (
				9FC4242815F57A0F001B9220 /* Sources */,
				9FC4242A15F57A0F001B9220 /* Headers */,
				9FC4242B15F57A0F001B9220 /* Resources */,
				7B0E63121C0BEB16007C6C14 /* Frameworks */,
			);
			buildRules = (
			);
			dependencies = (
			);
			name = KSHTMLWriter;
			productName = KSHTMLWriterFramework;
			productReference = 9FC4242D15F57A0F001B9220 /* KSHTMLWriter.framework */;
			productType = "com.apple.product-type.framework";
		};
/* End PBXNativeTarget section */

/* Begin PBXProject section */
		22352B8714C6FCAF0031F5DD /* Project object */ = {
			isa = PBXProject;
			attributes = {
				LastTestingUpgradeCheck = 0600;
				LastUpgradeCheck = 0710;
				ORGANIZATIONNAME = "Karelia Software";
			};
			buildConfigurationList = 22352B8A14C6FCAF0031F5DD /* Build configuration list for PBXProject "KSHTMLWriter" */;
			compatibilityVersion = "Xcode 3.2";
			developmentRegion = English;
			hasScannedForEncodings = 0;
			knownRegions = (
				en,
			);
			mainGroup = 22352B8514C6FCAF0031F5DD;
			productRefGroup = 22352B9114C6FCB00031F5DD /* Products */;
			projectDirPath = "";
			projectRoot = "";
			targets = (
				22352B8F14C6FCB00031F5DD /* libKSHTMLWriter */,
				22352BA314C6FCB00031F5DD /* KSHTMLWriterTests */,
				9FC4242C15F57A0F001B9220 /* KSHTMLWriter */,
			);
		};
/* End PBXProject section */

/* Begin PBXResourcesBuildPhase section */
		22352BA114C6FCB00031F5DD /* Resources */ = {
			isa = PBXResourcesBuildPhase;
			buildActionMask = 2147483647;
			files = (
				22C91F4C14F7BEED00FCFF8F /* README.mdown in Resources */,
				7BDA6C441AC2BE3000622E72 /* Snippets in Resources */,
				7BDA6C451AC2BE3000622E72 /* Stub.html in Resources */,
				22C91F4D14F7BEED00FCFF8F /* Test.bundle in Resources */,
				22C91F4E14F7BEED00FCFF8F /* ocunit2junit.rb in Resources */,
				22C91F4F14F7BEED00FCFF8F /* test-common.sh in Resources */,
			);
			runOnlyForDeploymentPostprocessing = 0;
		};
		9FC4242B15F57A0F001B9220 /* Resources */ = {
			isa = PBXResourcesBuildPhase;
			buildActionMask = 2147483647;
			files = (
				7BB7CF1F19459B320077BDEC /* beautify.js in Resources */,
				9FC4243415F57A0F001B9220 /* InfoPlist.strings in Resources */,
				7B35612919366D880014FEAE /* cssjson.js in Resources */,
			);
			runOnlyForDeploymentPostprocessing = 0;
		};
/* End PBXResourcesBuildPhase section */

/* Begin PBXShellScriptBuildPhase section */
		22352BA214C6FCB00031F5DD /* ShellScript */ = {
			isa = PBXShellScriptBuildPhase;
			buildActionMask = 2147483647;
			files = (
			);
			inputPaths = (
			);
			outputPaths = (
			);
			runOnlyForDeploymentPostprocessing = 0;
			shellPath = /bin/sh;
			shellScript = "# Run the unit tests in this test bundle.\n\"${SYSTEM_DEVELOPER_DIR}/Tools/RunUnitTests\"\n";
			showEnvVarsInLog = 0;
		};
/* End PBXShellScriptBuildPhase section */

/* Begin PBXSourcesBuildPhase section */
		22352B8C14C6FCB00031F5DD /* Sources */ = {
			isa = PBXSourcesBuildPhase;
			buildActionMask = 2147483647;
			files = (
				22352BD214C6FD260031F5DD /* KSCSSWriter.m in Sources */,
				22352BD414C6FD260031F5DD /* KSXMLWriterDOMAdaptor.m in Sources */,
				22352BD714C6FD260031F5DD /* KSHTMLWriter.m in Sources */,
				22352BD914C6FD260031F5DD /* KSStringXMLEntityEscaping.m in Sources */,
				22352BDB14C6FD260031F5DD /* KSXMLAttributes.m in Sources */,
				22352BDD14C6FD260031F5DD /* KSXMLWriter.m in Sources */,
				22C1943F14C6FE9D009A4406 /* KSBufferedWriter.m in Sources */,
				22C1944114C6FE9D009A4406 /* KSForwardingWriter.m in Sources */,
				22C1944314C6FE9D009A4406 /* KSMutableDataWriter.m in Sources */,
				22C1944514C6FE9D009A4406 /* KSOutputStreamWriter.m in Sources */,
				22C1944714C6FE9D009A4406 /* KSStringWriter.m in Sources */,
				22C1944914C6FE9D009A4406 /* KSWriter.m in Sources */,
				271963EE1691C95000CCBA0B /* KSBlockWriter.m in Sources */,
			);
			runOnlyForDeploymentPostprocessing = 0;
		};
		22352B9F14C6FCB00031F5DD /* Sources */ = {
			isa = PBXSourcesBuildPhase;
			buildActionMask = 2147483647;
			files = (
				22C91F0614F7BDBC00FCFF8F /* KSHTMLWriterSnippetTests.m in Sources */,
				22C91F0914F7BDBC00FCFF8F /* KSXMLWriterTests.m in Sources */,
				22C91F4B14F7BEED00FCFF8F /* ECTestCase.m in Sources */,
				22222CB814F7E97F00210FBD /* KSHTMLWriterNormalSnippetTests.m in Sources */,
				22222CB914F7E97F00210FBD /* KSHTMLWriterPrettyPrintSnippetTests.m in Sources */,
				223269E814FA8125003055A2 /* ECParameterisedTestCase.m in Sources */,
			);
			runOnlyForDeploymentPostprocessing = 0;
		};
		9FC4242815F57A0F001B9220 /* Sources */ = {
			isa = PBXSourcesBuildPhase;
			buildActionMask = 2147483647;
			files = (
				9FC4243D15F5801E001B9220 /* KSCSSWriter.m in Sources */,
				9FC4243E15F5801E001B9220 /* KSXMLWriterDOMAdaptor.m in Sources */,
				7B35613819379D590014FEAE /* JSONEntity.m in Sources */,
				9FC4243F15F5801E001B9220 /* KSHTMLWriter.m in Sources */,
				9FC4244015F5801E001B9220 /* KSStringXMLEntityEscaping.m in Sources */,
				9FC4244115F5801E001B9220 /* KSBufferedWriter.m in Sources */,
				9FC4244215F5801E001B9220 /* KSForwardingWriter.m in Sources */,
				9FC4244315F5801E001B9220 /* KSMutableDataWriter.m in Sources */,
				7BB7CF15194593130077BDEC /* KSJSBeautifier.m in Sources */,
				9FC4244415F5801E001B9220 /* KSOutputStreamWriter.m in Sources */,
				9FC4244515F5801E001B9220 /* KSStringWriter.m in Sources */,
				9FC4244615F5801E001B9220 /* KSWriter.m in Sources */,
				9FC4244715F5801E001B9220 /* KSXMLAttributes.m in Sources */,
				9FC4244815F5801E001B9220 /* KSXMLWriter.m in Sources */,
				271963EF1691C95000CCBA0B /* KSBlockWriter.m in Sources */,
				7BA254AF17D1AE8C00D44066 /* KSHTMLWriter+Convenience.m in Sources */,
			);
			runOnlyForDeploymentPostprocessing = 0;
		};
/* End PBXSourcesBuildPhase section */

/* Begin PBXTargetDependency section */
		7B9761ED19B24F2C00B7C22F /* PBXTargetDependency */ = {
			isa = PBXTargetDependency;
			target = 9FC4242C15F57A0F001B9220 /* KSHTMLWriter */;
			targetProxy = 7B9761EC19B24F2C00B7C22F /* PBXContainerItemProxy */;
		};
/* End PBXTargetDependency section */

/* Begin PBXVariantGroup section */
		9FC4243215F57A0F001B9220 /* InfoPlist.strings */ = {
			isa = PBXVariantGroup;
			children = (
				9FC4243315F57A0F001B9220 /* en */,
			);
			name = InfoPlist.strings;
			sourceTree = "<group>";
		};
/* End PBXVariantGroup section */

/* Begin XCBuildConfiguration section */
		22352BB414C6FCB00031F5DD /* Debug */ = {
			isa = XCBuildConfiguration;
			buildSettings = {
				ALWAYS_SEARCH_USER_PATHS = NO;
				CLANG_ALLOW_NON_MODULAR_INCLUDES_IN_FRAMEWORK_MODULES = YES;
				CLANG_ENABLE_MODULES = YES;
				CLANG_ENABLE_OBJC_ARC = YES;
				COPY_PHASE_STRIP = NO;
				ENABLE_TESTABILITY = YES;
				GCC_C_LANGUAGE_STANDARD = gnu99;
				GCC_DYNAMIC_NO_PIC = NO;
				GCC_ENABLE_OBJC_EXCEPTIONS = YES;
				GCC_OPTIMIZATION_LEVEL = 0;
				GCC_SYMBOLS_PRIVATE_EXTERN = NO;
				GCC_TREAT_WARNINGS_AS_ERRORS = NO;
				GCC_VERSION = "";
				GCC_WARN_64_TO_32_BIT_CONVERSION = YES;
				GCC_WARN_ABOUT_MISSING_PROTOTYPES = YES;
				GCC_WARN_ABOUT_RETURN_TYPE = YES;
				GCC_WARN_UNDECLARED_SELECTOR = YES;
				GCC_WARN_UNINITIALIZED_AUTOS = YES;
				GCC_WARN_UNUSED_VARIABLE = YES;
				MACOSX_DEPLOYMENT_TARGET = 10.8;
				ONLY_ACTIVE_ARCH = YES;
				OTHER_LDFLAGS = (
					"-framework",
					WebKit,
				);
				RUN_CLANG_STATIC_ANALYZER = NO;
				SDKROOT = macosx;
			};
			name = Debug;
		};
		22352BB514C6FCB00031F5DD /* Release */ = {
			isa = XCBuildConfiguration;
			buildSettings = {
				ALWAYS_SEARCH_USER_PATHS = NO;
				CLANG_ALLOW_NON_MODULAR_INCLUDES_IN_FRAMEWORK_MODULES = YES;
				CLANG_ENABLE_MODULES = YES;
				CLANG_ENABLE_OBJC_ARC = YES;
				COPY_PHASE_STRIP = YES;
				DEBUG_INFORMATION_FORMAT = "dwarf-with-dsym";
				GCC_C_LANGUAGE_STANDARD = gnu99;
				GCC_ENABLE_OBJC_EXCEPTIONS = YES;
				GCC_TREAT_WARNINGS_AS_ERRORS = NO;
				GCC_VERSION = "";
				GCC_WARN_64_TO_32_BIT_CONVERSION = YES;
				GCC_WARN_ABOUT_MISSING_PROTOTYPES = YES;
				GCC_WARN_ABOUT_RETURN_TYPE = YES;
				GCC_WARN_UNDECLARED_SELECTOR = YES;
				GCC_WARN_UNINITIALIZED_AUTOS = YES;
				GCC_WARN_UNUSED_VARIABLE = YES;
				MACOSX_DEPLOYMENT_TARGET = 10.8;
				OTHER_LDFLAGS = (
					"-framework",
					WebKit,
				);
				RUN_CLANG_STATIC_ANALYZER = NO;
				SDKROOT = macosx;
			};
			name = Release;
		};
		22352BB714C6FCB00031F5DD /* Debug */ = {
			isa = XCBuildConfiguration;
			buildSettings = {
				COMBINE_HIDPI_IMAGES = YES;
				OTHER_LDFLAGS = "-ObjC";
				PRODUCT_NAME = "$(TARGET_NAME)";
			};
			name = Debug;
		};
		22352BB814C6FCB00031F5DD /* Release */ = {
			isa = XCBuildConfiguration;
			buildSettings = {
				COMBINE_HIDPI_IMAGES = YES;
				OTHER_LDFLAGS = "-ObjC";
				PRODUCT_NAME = "$(TARGET_NAME)";
			};
			name = Release;
		};
		22352BBA14C6FCB00031F5DD /* Debug */ = {
			isa = XCBuildConfiguration;
			buildSettings = {
				CLANG_ENABLE_OBJC_ARC = YES;
				COMBINE_HIDPI_IMAGES = YES;
				FRAMEWORK_SEARCH_PATHS = "$(DEVELOPER_LIBRARY_DIR)/Frameworks";
				INFOPLIST_FILE = Tests/Resources/KSHTMLWriterTests.plist;
				PRODUCT_BUNDLE_IDENTIFIER = "com.karelia.${PRODUCT_NAME:rfc1034identifier}";
				PRODUCT_NAME = "$(TARGET_NAME)";
				WRAPPER_EXTENSION = octest;
			};
			name = Debug;
		};
		22352BBB14C6FCB00031F5DD /* Release */ = {
			isa = XCBuildConfiguration;
			buildSettings = {
				CLANG_ENABLE_OBJC_ARC = YES;
				COMBINE_HIDPI_IMAGES = YES;
				FRAMEWORK_SEARCH_PATHS = "$(DEVELOPER_LIBRARY_DIR)/Frameworks";
				INFOPLIST_FILE = Tests/Resources/KSHTMLWriterTests.plist;
				PRODUCT_BUNDLE_IDENTIFIER = "com.karelia.${PRODUCT_NAME:rfc1034identifier}";
				PRODUCT_NAME = "$(TARGET_NAME)";
				WRAPPER_EXTENSION = octest;
			};
			name = Release;
		};
		9FC4243915F57A0F001B9220 /* Debug */ = {
			isa = XCBuildConfiguration;
			baseConfigurationReference = 7BCDC124182A428300C9AE23 /* Mac-Framework.xcconfig */;
			buildSettings = {
				CLANG_ENABLE_OBJC_ARC = YES;
				CLANG_WARN__DUPLICATE_METHOD_MATCH = YES;
				DYLIB_COMPATIBILITY_VERSION = 1;
				DYLIB_CURRENT_VERSION = 1;
				FRAMEWORK_VERSION = A;
				GCC_PREFIX_HEADER = "KSHTMLWriterFramework/KSHTMLWriterFramework-Prefix.pch";
				INFOPLIST_FILE = "KSHTMLWriterFramework/KSHTMLWriterFramework-Info.plist";
				PRODUCT_BUNDLE_IDENTIFIER = "com.karelia.${PRODUCT_NAME:rfc1034identifier}";
				PRODUCT_NAME = "$(TARGET_NAME)";
				SDKROOT = macosx;
			};
			name = Debug;
		};
		9FC4243A15F57A0F001B9220 /* Release */ = {
			isa = XCBuildConfiguration;
			baseConfigurationReference = 7BCDC124182A428300C9AE23 /* Mac-Framework.xcconfig */;
			buildSettings = {
				CLANG_ENABLE_OBJC_ARC = YES;
				CLANG_WARN__DUPLICATE_METHOD_MATCH = YES;
				DYLIB_COMPATIBILITY_VERSION = 1;
				DYLIB_CURRENT_VERSION = 1;
				FRAMEWORK_VERSION = A;
				GCC_PREFIX_HEADER = "KSHTMLWriterFramework/KSHTMLWriterFramework-Prefix.pch";
				INFOPLIST_FILE = "KSHTMLWriterFramework/KSHTMLWriterFramework-Info.plist";
				PRODUCT_BUNDLE_IDENTIFIER = "com.karelia.${PRODUCT_NAME:rfc1034identifier}";
				PRODUCT_NAME = "$(TARGET_NAME)";
				SDKROOT = macosx;
			};
			name = Release;
		};
/* End XCBuildConfiguration section */

/* Begin XCConfigurationList section */
		22352B8A14C6FCAF0031F5DD /* Build configuration list for PBXProject "KSHTMLWriter" */ = {
			isa = XCConfigurationList;
			buildConfigurations = (
				22352BB414C6FCB00031F5DD /* Debug */,
				22352BB514C6FCB00031F5DD /* Release */,
			);
			defaultConfigurationIsVisible = 0;
			defaultConfigurationName = Release;
		};
		22352BB614C6FCB00031F5DD /* Build configuration list for PBXNativeTarget "libKSHTMLWriter" */ = {
			isa = XCConfigurationList;
			buildConfigurations = (
				22352BB714C6FCB00031F5DD /* Debug */,
				22352BB814C6FCB00031F5DD /* Release */,
			);
			defaultConfigurationIsVisible = 0;
			defaultConfigurationName = Release;
		};
		22352BB914C6FCB00031F5DD /* Build configuration list for PBXNativeTarget "KSHTMLWriterTests" */ = {
			isa = XCConfigurationList;
			buildConfigurations = (
				22352BBA14C6FCB00031F5DD /* Debug */,
				22352BBB14C6FCB00031F5DD /* Release */,
			);
			defaultConfigurationIsVisible = 0;
			defaultConfigurationName = Release;
		};
		9FC4243B15F57A0F001B9220 /* Build configuration list for PBXNativeTarget "KSHTMLWriter" */ = {
			isa = XCConfigurationList;
			buildConfigurations = (
				9FC4243915F57A0F001B9220 /* Debug */,
				9FC4243A15F57A0F001B9220 /* Release */,
			);
			defaultConfigurationIsVisible = 0;
			defaultConfigurationName = Release;
		};
/* End XCConfigurationList section */
	};
	rootObject = 22352B8714C6FCAF0031F5DD /* Project object */;
}
